github.com/alexedwards/flow v0.0.0-20220806114457-cf11be9e0e03 h1:r07xZN3ENBWdxGuU/feCsnpsgHJ7+3uLm7cq9S0sqoI=
github.com/alexedwards/flow v0.0.0-20220806114457-cf11be9e0e03/go.mod h1:1rjOQiOqQlmMdUMuvlJFjldqTnE/tQULE7qPIu4aq3U=
github.com/h2non/filetype v1.1.1 h1:xvOwnXKAckvtLWsN398qS9QhlxlnVXBjXBydK2/UFB4=
github.com/h2non/filetype v1.1.1/go.mod h1:319b3zT68BvV+WRj7cwy856M2ehB3HqNOt6sy1HndBY=
